PODS:
  - FCFileManager (1.0.20)
  - KafkaRefresh (1.4.7):
    - KafkaRefresh/Category (= 1.4.7)
    - KafkaRefresh/Configuration (= 1.4.7)
    - KafkaRefresh/Core (= 1.4.7)
    - KafkaRefresh/Default (= 1.4.7)
    - KafkaRefresh/Style (= 1.4.7)
    - KafkaRefresh/UIKit (= 1.4.7)
  - KafkaRefresh/Category (1.4.7)
  - KafkaRefresh/Configuration (1.4.7):
    - KafkaRefresh/UIKit/FootKit
    - KafkaRefresh/UIKit/HeadKit
  - KafkaRefresh/Core (1.4.7):
    - KafkaRefresh/Category
  - KafkaRefresh/Default (1.4.7):
    - KafkaRefresh/Style
  - KafkaRefresh/Style (1.4.7)
  - KafkaRefresh/UIKit (1.4.7):
    - KafkaRefresh/UIKit/FootKit (= 1.4.7)
    - KafkaRefresh/UIKit/HeadKit (= 1.4.7)
    - KafkaRefresh/UIKit/LayerKit (= 1.4.7)
  - KafkaRefresh/UIKit/FootKit (1.4.7):
    - KafkaRefresh/Category
    - KafkaRefresh/Core
    - KafkaRefresh/Default
    - KafkaRefresh/Style
    - KafkaRefresh/UIKit/LayerKit
  - KafkaRefresh/UIKit/HeadKit (1.4.7):
    - KafkaRefresh/Category
    - KafkaRefresh/Core
    - KafkaRefresh/Default
    - KafkaRefresh/Style
    - KafkaRefresh/UIKit/LayerKit
  - KafkaRefresh/UIKit/LayerKit (1.4.7):
    - KafkaRefresh/Category
    - KafkaRefresh/Default
  - LGSideMenuController (2.1.1)
  - Toast (4.0.0)

DEPENDENCIES:
  - FCFileManager
  - KafkaRefresh
  - LGSideMenuController
  - Toast (~> 4.0.0)

SPEC REPOS:
  trunk:
    - FCFileManager
    - KafkaRefresh
    - LGSideMenuController
    - Toast

SPEC CHECKSUMS:
  FCFileManager: e0f73316e6aa2eb04d2ff4caa75fe7df1ae44270
  KafkaRefresh: a7962ea8f03f384c1b545d8c27ac419aa0d5b055
  LGSideMenuController: ae40c80983ab8b8801c7cef0a6804d43aaa72d45
  Toast: 91b396c56ee72a5790816f40d3a94dd357abc196

PODFILE CHECKSUM: d5eca6bec14945bd36f19cbfb66e9cf4c876c19a

COCOAPODS: 1.9.0
