// !$*UTF8*$!
{
	archiveVersion = 1;
	classes = {
	};
	objectVersion = 51;
	objects = {

/* Begin PBXBuildFile section */
		B9D66CDEAB9781AC23892EE6 /* Pods_MyDocs.framework in Frameworks */ = {isa = PBXBuildFile; fileRef = 8FB9A859D2D8B42C92E6CF25 /* Pods_MyDocs.framework */; };
		E96C10BD242370F400817620 /* CustomNavigationController.m in Sources */ = {isa = PBXBuildFile; fileRef = E96C10BC242370F400817620 /* CustomNavigationController.m */; };
		E96E4547242300EC0092256B /* FileCell.m in Sources */ = {isa = PBXBuildFile; fileRef = E96E4545242300EC0092256B /* FileCell.m */; };
		E96E4548242300EC0092256B /* FileCell.xib in Resources */ = {isa = PBXBuildFile; fileRef = E96E4546242300EC0092256B /* FileCell.xib */; };
		E96E454B242310350092256B /* Home.storyboard in Resources */ = {isa = PBXBuildFile; fileRef = E96E454A242310350092256B /* Home.storyboard */; };
		E96E454D2423106A0092256B /* iCloud.storyboard in Resources */ = {isa = PBXBuildFile; fileRef = E96E454C2423106A0092256B /* iCloud.storyboard */; };
		E96E454F242310900092256B /* OneDrive.storyboard in Resources */ = {isa = PBXBuildFile; fileRef = E96E454E242310900092256B /* OneDrive.storyboard */; };
		E96E4551242310AD0092256B /* DropBox.storyboard in Resources */ = {isa = PBXBuildFile; fileRef = E96E4550242310AD0092256B /* DropBox.storyboard */; };
		E96E4553242310C80092256B /* GoogleDrive.storyboard in Resources */ = {isa = PBXBuildFile; fileRef = E96E4552242310C80092256B /* GoogleDrive.storyboard */; };
		E96E4555242314750092256B /* Other.storyboard in Resources */ = {isa = PBXBuildFile; fileRef = E96E4554242314750092256B /* Other.storyboard */; };
		E96E4558242314980092256B /* FileListController.m in Sources */ = {isa = PBXBuildFile; fileRef = E96E4557242314980092256B /* FileListController.m */; };
		E96E4562242348D80092256B /* FileCollectionCell.m in Sources */ = {isa = PBXBuildFile; fileRef = E96E4560242348D80092256B /* FileCollectionCell.m */; };
		E96E4563242348D80092256B /* FileCollectionCell.xib in Resources */ = {isa = PBXBuildFile; fileRef = E96E4561242348D80092256B /* FileCollectionCell.xib */; };
		E96E4566242353B20092256B /* RootViewController.m in Sources */ = {isa = PBXBuildFile; fileRef = E96E4565242353B20092256B /* RootViewController.m */; };
		E9BD1FB42422068800AC2A51 /* VerticalButton.m in Sources */ = {isa = PBXBuildFile; fileRef = E9BD1FB22422068800AC2A51 /* VerticalButton.m */; };
		E9D90B70240E2F77006AAAF2 /* AppDelegate.m in Sources */ = {isa = PBXBuildFile; fileRef = E9D90B6F240E2F77006AAAF2 /* AppDelegate.m */; };
		E9D90B73240E2F77006AAAF2 /* SceneDelegate.m in Sources */ = {isa = PBXBuildFile; fileRef = E9D90B72240E2F77006AAAF2 /* SceneDelegate.m */; };
		E9D90B76240E2F77006AAAF2 /* MainViewController.m in Sources */ = {isa = PBXBuildFile; fileRef = E9D90B75240E2F77006AAAF2 /* MainViewController.m */; };
		E9D90B79240E2F77006AAAF2 /* Main.storyboard in Resources */ = {isa = PBXBuildFile; fileRef = E9D90B77240E2F77006AAAF2 /* Main.storyboard */; };
		E9D90B7B240E2F77006AAAF2 /* Assets.xcassets in Resources */ = {isa = PBXBuildFile; fileRef = E9D90B7A240E2F77006AAAF2 /* Assets.xcassets */; };
		E9D90B7E240E2F77006AAAF2 /* LaunchScreen.storyboard in Resources */ = {isa = PBXBuildFile; fileRef = E9D90B7C240E2F77006AAAF2 /* LaunchScreen.storyboard */; };
		E9D90B81240E2F77006AAAF2 /* main.m in Sources */ = {isa = PBXBuildFile; fileRef = E9D90B80240E2F77006AAAF2 /* main.m */; };
		E9D90B8B240E2FD0006AAAF2 /* InfoPlist.strings in Resources */ = {isa = PBXBuildFile; fileRef = E9D90B8D240E2FD0006AAAF2 /* InfoPlist.strings */; };
		E9D90B91240E307E006AAAF2 /* Localizable.strings in Resources */ = {isa = PBXBuildFile; fileRef = E9D90B93240E307E006AAAF2 /* Localizable.strings */; };
		E9D90B97240E3101006AAAF2 /* TutorialViewController.m in Sources */ = {isa = PBXBuildFile; fileRef = E9D90B96240E3101006AAAF2 /* TutorialViewController.m */; };
		E9D90BA2240E35A2006AAAF2 /* LeftTableViewController.m in Sources */ = {isa = PBXBuildFile; fileRef = E9D90B9F240E35A2006AAAF2 /* LeftTableViewController.m */; };
		E9D90BA3240E35A2006AAAF2 /* RightTableViewController.m in Sources */ = {isa = PBXBuildFile; fileRef = E9D90B9E240E35A2006AAAF2 /* RightTableViewController.m */; };
		E9D90BA6240E35D1006AAAF2 /* RootNavigationController.m in Sources */ = {isa = PBXBuildFile; fileRef = E9D90BA5240E35D1006AAAF2 /* RootNavigationController.m */; };
		E9D90BC6240E388F006AAAF2 /* CTextField.m in Sources */ = {isa = PBXBuildFile; fileRef = E9D90BC4240E388F006AAAF2 /* CTextField.m */; };
		E9D90BC8240E399B006AAAF2 /* NSBundle+Language.m in Sources */ = {isa = PBXBuildFile; fileRef = E9D90B9B240E33A4006AAAF2 /* NSBundle+Language.m */; };
		E9D90BC9240E39A9006AAAF2 /* UIViewController+Utility.m in Sources */ = {isa = PBXBuildFile; fileRef = E9D90BB7240E3707006AAAF2 /* UIViewController+Utility.m */; };
		E9D90BCA240E39B4006AAAF2 /* HomeViewController.m in Sources */ = {isa = PBXBuildFile; fileRef = E9D90BAE240E3625006AAAF2 /* HomeViewController.m */; };
		E9D90BCB240E39BC006AAAF2 /* OneDriveViewController.m in Sources */ = {isa = PBXBuildFile; fileRef = E9D90BAB240E3625006AAAF2 /* OneDriveViewController.m */; };
		E9D90BCC240E39CB006AAAF2 /* LanguageInfo.m in Sources */ = {isa = PBXBuildFile; fileRef = E9D90BBA240E3719006AAAF2 /* LanguageInfo.m */; };
		E9D90BCD240E39CE006AAAF2 /* LanguageViewController.m in Sources */ = {isa = PBXBuildFile; fileRef = E9D90BBB240E3719006AAAF2 /* LanguageViewController.m */; };
		E9D90BCE240E39DF006AAAF2 /* DropBoxViewController.m in Sources */ = {isa = PBXBuildFile; fileRef = E9D90BB5240E3625006AAAF2 /* DropBoxViewController.m */; };
		E9D90BCF240E39E8006AAAF2 /* GoogleDriveViewController.m in Sources */ = {isa = PBXBuildFile; fileRef = E9D90BA8240E3625006AAAF2 /* GoogleDriveViewController.m */; };
		E9D90BD0240E3A4B006AAAF2 /* iCloudViewController.m in Sources */ = {isa = PBXBuildFile; fileRef = E9D90BB1240E3625006AAAF2 /* iCloudViewController.m */; };
		E9D90BD1240E3A6E006AAAF2 /* BaseViewController.m in Sources */ = {isa = PBXBuildFile; fileRef = E9D90BBF240E37AD006AAAF2 /* BaseViewController.m */; };
		E9D90BD4240E49DF006AAAF2 /* UIImage+Utility.m in Sources */ = {isa = PBXBuildFile; fileRef = E9D90BD3240E49DF006AAAF2 /* UIImage+Utility.m */; };
		E9D90BD7240E4B02006AAAF2 /* Utility.m in Sources */ = {isa = PBXBuildFile; fileRef = E9D90BD6240E4B02006AAAF2 /* Utility.m */; };
		E9D90BDA240E56B6006AAAF2 /* HitTestView.m in Sources */ = {isa = PBXBuildFile; fileRef = E9D90BD9240E56B6006AAAF2 /* HitTestView.m */; };
		E9F5ECF2242365590093B878 /* ToolBarViewController.m in Sources */ = {isa = PBXBuildFile; fileRef = E9F5ECF1242365590093B878 /* ToolBarViewController.m */; };
		E9F5ECF5242365660093B878 /* AdViewViewController.m in Sources */ = {isa = PBXBuildFile; fileRef = E9F5ECF4242365660093B878 /* AdViewViewController.m */; };
		E9FCF46A240F313800C0A385 /* SearchBar.m in Sources */ = {isa = PBXBuildFile; fileRef = E9FCF469240F313800C0A385 /* SearchBar.m */; };
		E9FCF46C240F314F00C0A385 /* SearchBar.xib in Resources */ = {isa = PBXBuildFile; fileRef = E9FCF46B240F314F00C0A385 /* SearchBar.xib */; };
		E9FCF46F240F362A00C0A385 /* UIView+Utility.m in Sources */ = {isa = PBXBuildFile; fileRef = E9FCF46E240F362A00C0A385 /* UIView+Utility.m */; };
		E9FCF477240F3DFE00C0A385 /* CBarButtonItem.m in Sources */ = {isa = PBXBuildFile; fileRef = E9FCF476240F3DFE00C0A385 /* CBarButtonItem.m */; };
/* End PBXBuildFile section */

/* Begin PBXFileReference section */
		1F06331DC39D7CE20940AC0F /* Pods-MyDocs.debug.xcconfig */ = {isa = PBXFileReference; includeInIndex = 1; lastKnownFileType = text.xcconfig; name = "Pods-MyDocs.debug.xcconfig"; path = "Target Support Files/Pods-MyDocs/Pods-MyDocs.debug.xcconfig"; sourceTree = "<group>"; };
		4F82F86D583B4EA1FA11AC8B /* Pods-MyDocs.release.xcconfig */ = {isa = PBXFileReference; includeInIndex = 1; lastKnownFileType = text.xcconfig; name = "Pods-MyDocs.release.xcconfig"; path = "Target Support Files/Pods-MyDocs/Pods-MyDocs.release.xcconfig"; sourceTree = "<group>"; };
		8FB9A859D2D8B42C92E6CF25 /* Pods_MyDocs.framework */ = {isa = PBXFileReference; explicitFileType = wrapper.framework; includeInIndex = 0; path = Pods_MyDocs.framework; sourceTree = BUILT_PRODUCTS_DIR; };
		E96C10BB242370F400817620 /* CustomNavigationController.h */ = {isa = PBXFileReference; lastKnownFileType = sourcecode.c.h; path = CustomNavigationController.h; sourceTree = "<group>"; };
		E96C10BC242370F400817620 /* CustomNavigationController.m */ = {isa = PBXFileReference; lastKnownFileType = sourcecode.c.objc; path = CustomNavigationController.m; sourceTree = "<group>"; };
		E96E4544242300EC0092256B /* FileCell.h */ = {isa = PBXFileReference; lastKnownFileType = sourcecode.c.h; path = FileCell.h; sourceTree = "<group>"; };
		E96E4545242300EC0092256B /* FileCell.m */ = {isa = PBXFileReference; lastKnownFileType = sourcecode.c.objc; path = FileCell.m; sourceTree = "<group>"; };
		E96E4546242300EC0092256B /* FileCell.xib */ = {isa = PBXFileReference; lastKnownFileType = file.xib; path = FileCell.xib; sourceTree = "<group>"; };
		E96E454A242310350092256B /* Home.storyboard */ = {isa = PBXFileReference; lastKnownFileType = file.storyboard; path = Home.storyboard; sourceTree = "<group>"; };
		E96E454C2423106A0092256B /* iCloud.storyboard */ = {isa = PBXFileReference; lastKnownFileType = file.storyboard; path = iCloud.storyboard; sourceTree = "<group>"; };
		E96E454E242310900092256B /* OneDrive.storyboard */ = {isa = PBXFileReference; lastKnownFileType = file.storyboard; path = OneDrive.storyboard; sourceTree = "<group>"; };
		E96E4550242310AD0092256B /* DropBox.storyboard */ = {isa = PBXFileReference; lastKnownFileType = file.storyboard; path = DropBox.storyboard; sourceTree = "<group>"; };
		E96E4552242310C80092256B /* GoogleDrive.storyboard */ = {isa = PBXFileReference; lastKnownFileType = file.storyboard; path = GoogleDrive.storyboard; sourceTree = "<group>"; };
		E96E4554242314750092256B /* Other.storyboard */ = {isa = PBXFileReference; lastKnownFileType = file.storyboard; path = Other.storyboard; sourceTree = "<group>"; };
		E96E4556242314980092256B /* FileListController.h */ = {isa = PBXFileReference; lastKnownFileType = sourcecode.c.h; path = FileListController.h; sourceTree = "<group>"; };
		E96E4557242314980092256B /* FileListController.m */ = {isa = PBXFileReference; lastKnownFileType = sourcecode.c.objc; path = FileListController.m; sourceTree = "<group>"; };
		E96E455E242340AD0092256B /* Constants.h */ = {isa = PBXFileReference; lastKnownFileType = sourcecode.c.h; path = Constants.h; sourceTree = "<group>"; };
		E96E455F242348D80092256B /* FileCollectionCell.h */ = {isa = PBXFileReference; lastKnownFileType = sourcecode.c.h; path = FileCollectionCell.h; sourceTree = "<group>"; };
		E96E4560242348D80092256B /* FileCollectionCell.m */ = {isa = PBXFileReference; lastKnownFileType = sourcecode.c.objc; path = FileCollectionCell.m; sourceTree = "<group>"; };
		E96E4561242348D80092256B /* FileCollectionCell.xib */ = {isa = PBXFileReference; lastKnownFileType = file.xib; path = FileCollectionCell.xib; sourceTree = "<group>"; };
		E96E4564242353B20092256B /* RootViewController.h */ = {isa = PBXFileReference; lastKnownFileType = sourcecode.c.h; path = RootViewController.h; sourceTree = "<group>"; };
		E96E4565242353B20092256B /* RootViewController.m */ = {isa = PBXFileReference; lastKnownFileType = sourcecode.c.objc; path = RootViewController.m; sourceTree = "<group>"; };
		E9BD1FB22422068800AC2A51 /* VerticalButton.m */ = {isa = PBXFileReference; lastKnownFileType = sourcecode.c.objc; path = VerticalButton.m; sourceTree = "<group>"; };
		E9BD1FB32422068800AC2A51 /* VerticalButton.h */ = {isa = PBXFileReference; lastKnownFileType = sourcecode.c.h; path = VerticalButton.h; sourceTree = "<group>"; };
		E9D90B6B240E2F77006AAAF2 /* MyDocs.app */ = {isa = PBXFileReference; explicitFileType = wrapper.application; includeInIndex = 0; path = MyDocs.app; sourceTree = BUILT_PRODUCTS_DIR; };
		E9D90B6E240E2F77006AAAF2 /* AppDelegate.h */ = {isa = PBXFileReference; lastKnownFileType = sourcecode.c.h; path = AppDelegate.h; sourceTree = "<group>"; };
		E9D90B6F240E2F77006AAAF2 /* AppDelegate.m */ = {isa = PBXFileReference; lastKnownFileType = sourcecode.c.objc; path = AppDelegate.m; sourceTree = "<group>"; };
		E9D90B71240E2F77006AAAF2 /* SceneDelegate.h */ = {isa = PBXFileReference; lastKnownFileType = sourcecode.c.h; path = SceneDelegate.h; sourceTree = "<group>"; };
		E9D90B72240E2F77006AAAF2 /* SceneDelegate.m */ = {isa = PBXFileReference; lastKnownFileType = sourcecode.c.objc; path = SceneDelegate.m; sourceTree = "<group>"; };
		E9D90B74240E2F77006AAAF2 /* MainViewController.h */ = {isa = PBXFileReference; lastKnownFileType = sourcecode.c.h; path = MainViewController.h; sourceTree = "<group>"; };
		E9D90B75240E2F77006AAAF2 /* MainViewController.m */ = {isa = PBXFileReference; lastKnownFileType = sourcecode.c.objc; path = MainViewController.m; sourceTree = "<group>"; };
		E9D90B78240E2F77006AAAF2 /* Base */ = {isa = PBXFileReference; lastKnownFileType = file.storyboard; name = Base; path = Base.lproj/Main.storyboard; sourceTree = "<group>"; };
		E9D90B7A240E2F77006AAAF2 /* Assets.xcassets */ = {isa = PBXFileReference; lastKnownFileType = folder.assetcatalog; path = Assets.xcassets; sourceTree = "<group>"; };
		E9D90B7D240E2F77006AAAF2 /* Base */ = {isa = PBXFileReference; lastKnownFileType = file.storyboard; name = Base; path = Base.lproj/LaunchScreen.storyboard; sourceTree = "<group>"; };
		E9D90B7F240E2F77006AAAF2 /* Info.plist */ = {isa = PBXFileReference; lastKnownFileType = text.plist.xml; path = Info.plist; sourceTree = "<group>"; };
		E9D90B80240E2F77006AAAF2 /* main.m */ = {isa = PBXFileReference; lastKnownFileType = sourcecode.c.objc; path = main.m; sourceTree = "<group>"; };
		E9D90B87240E2FB2006AAAF2 /* ko */ = {isa = PBXFileReference; lastKnownFileType = text.plist.strings; name = ko; path = ko.lproj/Main.strings; sourceTree = "<group>"; };
		E9D90B88240E2FB2006AAAF2 /* ko */ = {isa = PBXFileReference; lastKnownFileType = text.plist.strings; name = ko; path = ko.lproj/LaunchScreen.strings; sourceTree = "<group>"; };
		E9D90B8C240E2FD0006AAAF2 /* en */ = {isa = PBXFileReference; lastKnownFileType = text.plist.strings; name = en; path = en.lproj/InfoPlist.strings; sourceTree = "<group>"; };
		E9D90B8E240E2FD3006AAAF2 /* ko */ = {isa = PBXFileReference; lastKnownFileType = text.plist.strings; name = ko; path = ko.lproj/InfoPlist.strings; sourceTree = "<group>"; };
		E9D90B92240E307E006AAAF2 /* en */ = {isa = PBXFileReference; lastKnownFileType = text.plist.strings; name = en; path = en.lproj/Localizable.strings; sourceTree = "<group>"; };
		E9D90B94240E307F006AAAF2 /* ko */ = {isa = PBXFileReference; lastKnownFileType = text.plist.strings; name = ko; path = ko.lproj/Localizable.strings; sourceTree = "<group>"; };
		E9D90B95240E3101006AAAF2 /* TutorialViewController.h */ = {isa = PBXFileReference; lastKnownFileType = sourcecode.c.h; path = TutorialViewController.h; sourceTree = "<group>"; };
		E9D90B96240E3101006AAAF2 /* TutorialViewController.m */ = {isa = PBXFileReference; lastKnownFileType = sourcecode.c.objc; path = TutorialViewController.m; sourceTree = "<group>"; };
		E9D90B98240E3300006AAAF2 /* PrefixHeader.pch */ = {isa = PBXFileReference; lastKnownFileType = sourcecode.c.h; path = PrefixHeader.pch; sourceTree = "<group>"; };
		E9D90B9A240E33A4006AAAF2 /* NSBundle+Language.h */ = {isa = PBXFileReference; lastKnownFileType = sourcecode.c.h; path = "NSBundle+Language.h"; sourceTree = "<group>"; };
		E9D90B9B240E33A4006AAAF2 /* NSBundle+Language.m */ = {isa = PBXFileReference; lastKnownFileType = sourcecode.c.objc; path = "NSBundle+Language.m"; sourceTree = "<group>"; };
		E9D90B9E240E35A2006AAAF2 /* RightTableViewController.m */ = {isa = PBXFileReference; lastKnownFileType = sourcecode.c.objc; path = RightTableViewController.m; sourceTree = "<group>"; };
		E9D90B9F240E35A2006AAAF2 /* LeftTableViewController.m */ = {isa = PBXFileReference; lastKnownFileType = sourcecode.c.objc; path = LeftTableViewController.m; sourceTree = "<group>"; };
		E9D90BA0240E35A2006AAAF2 /* RightTableViewController.h */ = {isa = PBXFileReference; lastKnownFileType = sourcecode.c.h; path = RightTableViewController.h; sourceTree = "<group>"; };
		E9D90BA1240E35A2006AAAF2 /* LeftTableViewController.h */ = {isa = PBXFileReference; lastKnownFileType = sourcecode.c.h; path = LeftTableViewController.h; sourceTree = "<group>"; };
		E9D90BA4240E35D1006AAAF2 /* RootNavigationController.h */ = {isa = PBXFileReference; lastKnownFileType = sourcecode.c.h; path = RootNavigationController.h; sourceTree = "<group>"; };
		E9D90BA5240E35D1006AAAF2 /* RootNavigationController.m */ = {isa = PBXFileReference; lastKnownFileType = sourcecode.c.objc; path = RootNavigationController.m; sourceTree = "<group>"; };
		E9D90BA8240E3625006AAAF2 /* GoogleDriveViewController.m */ = {isa = PBXFileReference; lastKnownFileType = sourcecode.c.objc; path = GoogleDriveViewController.m; sourceTree = "<group>"; };
		E9D90BA9240E3625006AAAF2 /* GoogleDriveViewController.h */ = {isa = PBXFileReference; lastKnownFileType = sourcecode.c.h; path = GoogleDriveViewController.h; sourceTree = "<group>"; };
		E9D90BAB240E3625006AAAF2 /* OneDriveViewController.m */ = {isa = PBXFileReference; lastKnownFileType = sourcecode.c.objc; path = OneDriveViewController.m; sourceTree = "<group>"; };
		E9D90BAC240E3625006AAAF2 /* OneDriveViewController.h */ = {isa = PBXFileReference; lastKnownFileType = sourcecode.c.h; path = OneDriveViewController.h; sourceTree = "<group>"; };
		E9D90BAE240E3625006AAAF2 /* HomeViewController.m */ = {isa = PBXFileReference; lastKnownFileType = sourcecode.c.objc; path = HomeViewController.m; sourceTree = "<group>"; };
		E9D90BAF240E3625006AAAF2 /* HomeViewController.h */ = {isa = PBXFileReference; lastKnownFileType = sourcecode.c.h; path = HomeViewController.h; sourceTree = "<group>"; };
		E9D90BB1240E3625006AAAF2 /* iCloudViewController.m */ = {isa = PBXFileReference; lastKnownFileType = sourcecode.c.objc; path = iCloudViewController.m; sourceTree = "<group>"; };
		E9D90BB2240E3625006AAAF2 /* iCloudViewController.h */ = {isa = PBXFileReference; lastKnownFileType = sourcecode.c.h; path = iCloudViewController.h; sourceTree = "<group>"; };
		E9D90BB4240E3625006AAAF2 /* DropBoxViewController.h */ = {isa = PBXFileReference; lastKnownFileType = sourcecode.c.h; path = DropBoxViewController.h; sourceTree = "<group>"; };
		E9D90BB5240E3625006AAAF2 /* DropBoxViewController.m */ = {isa = PBXFileReference; lastKnownFileType = sourcecode.c.objc; path = DropBoxViewController.m; sourceTree = "<group>"; };
		E9D90BB6240E3707006AAAF2 /* UIViewController+Utility.h */ = {isa = PBXFileReference; lastKnownFileType = sourcecode.c.h; path = "UIViewController+Utility.h"; sourceTree = "<group>"; };
		E9D90BB7240E3707006AAAF2 /* UIViewController+Utility.m */ = {isa = PBXFileReference; lastKnownFileType = sourcecode.c.objc; path = "UIViewController+Utility.m"; sourceTree = "<group>"; };
		E9D90BB9240E3719006AAAF2 /* LanguageViewController.h */ = {isa = PBXFileReference; lastKnownFileType = sourcecode.c.h; path = LanguageViewController.h; sourceTree = "<group>"; };
		E9D90BBA240E3719006AAAF2 /* LanguageInfo.m */ = {isa = PBXFileReference; lastKnownFileType = sourcecode.c.objc; path = LanguageInfo.m; sourceTree = "<group>"; };
		E9D90BBB240E3719006AAAF2 /* LanguageViewController.m */ = {isa = PBXFileReference; lastKnownFileType = sourcecode.c.objc; path = LanguageViewController.m; sourceTree = "<group>"; };
		E9D90BBC240E3719006AAAF2 /* LanguageInfo.h */ = {isa = PBXFileReference; lastKnownFileType = sourcecode.c.h; path = LanguageInfo.h; sourceTree = "<group>"; };
		E9D90BBE240E37AD006AAAF2 /* BaseViewController.h */ = {isa = PBXFileReference; lastKnownFileType = sourcecode.c.h; path = BaseViewController.h; sourceTree = "<group>"; };
		E9D90BBF240E37AD006AAAF2 /* BaseViewController.m */ = {isa = PBXFileReference; lastKnownFileType = sourcecode.c.objc; path = BaseViewController.m; sourceTree = "<group>"; };
		E9D90BC4240E388F006AAAF2 /* CTextField.m */ = {isa = PBXFileReference; lastKnownFileType = sourcecode.c.objc; path = CTextField.m; sourceTree = "<group>"; };
		E9D90BC5240E388F006AAAF2 /* CTextField.h */ = {isa = PBXFileReference; lastKnownFileType = sourcecode.c.h; path = CTextField.h; sourceTree = "<group>"; };
		E9D90BD2240E49DF006AAAF2 /* UIImage+Utility.h */ = {isa = PBXFileReference; lastKnownFileType = sourcecode.c.h; path = "UIImage+Utility.h"; sourceTree = "<group>"; };
		E9D90BD3240E49DF006AAAF2 /* UIImage+Utility.m */ = {isa = PBXFileReference; lastKnownFileType = sourcecode.c.objc; path = "UIImage+Utility.m"; sourceTree = "<group>"; };
		E9D90BD5240E4B02006AAAF2 /* Utility.h */ = {isa = PBXFileReference; lastKnownFileType = sourcecode.c.h; path = Utility.h; sourceTree = "<group>"; };
		E9D90BD6240E4B02006AAAF2 /* Utility.m */ = {isa = PBXFileReference; lastKnownFileType = sourcecode.c.objc; path = Utility.m; sourceTree = "<group>"; };
		E9D90BD8240E56B6006AAAF2 /* HitTestView.h */ = {isa = PBXFileReference; lastKnownFileType = sourcecode.c.h; path = HitTestView.h; sourceTree = "<group>"; };
		E9D90BD9240E56B6006AAAF2 /* HitTestView.m */ = {isa = PBXFileReference; lastKnownFileType = sourcecode.c.objc; path = HitTestView.m; sourceTree = "<group>"; };
		E9F5ECF0242365590093B878 /* ToolBarViewController.h */ = {isa = PBXFileReference; lastKnownFileType = sourcecode.c.h; path = ToolBarViewController.h; sourceTree = "<group>"; };
		E9F5ECF1242365590093B878 /* ToolBarViewController.m */ = {isa = PBXFileReference; lastKnownFileType = sourcecode.c.objc; path = ToolBarViewController.m; sourceTree = "<group>"; };
		E9F5ECF3242365660093B878 /* AdViewViewController.h */ = {isa = PBXFileReference; lastKnownFileType = sourcecode.c.h; path = AdViewViewController.h; sourceTree = "<group>"; };
		E9F5ECF4242365660093B878 /* AdViewViewController.m */ = {isa = PBXFileReference; lastKnownFileType = sourcecode.c.objc; path = AdViewViewController.m; sourceTree = "<group>"; };
		E9FCF468240F313800C0A385 /* SearchBar.h */ = {isa = PBXFileReference; lastKnownFileType = sourcecode.c.h; path = SearchBar.h; sourceTree = "<group>"; };
		E9FCF469240F313800C0A385 /* SearchBar.m */ = {isa = PBXFileReference; lastKnownFileType = sourcecode.c.objc; path = SearchBar.m; sourceTree = "<group>"; };
		E9FCF46B240F314F00C0A385 /* SearchBar.xib */ = {isa = PBXFileReference; lastKnownFileType = file.xib; path = SearchBar.xib; sourceTree = "<group>"; };
		E9FCF46D240F362A00C0A385 /* UIView+Utility.h */ = {isa = PBXFileReference; lastKnownFileType = sourcecode.c.h; path = "UIView+Utility.h"; sourceTree = "<group>"; };
		E9FCF46E240F362A00C0A385 /* UIView+Utility.m */ = {isa = PBXFileReference; lastKnownFileType = sourcecode.c.objc; path = "UIView+Utility.m"; sourceTree = "<group>"; };
		E9FCF475240F3DFE00C0A385 /* CBarButtonItem.h */ = {isa = PBXFileReference; lastKnownFileType = sourcecode.c.h; path = CBarButtonItem.h; sourceTree = "<group>"; };
		E9FCF476240F3DFE00C0A385 /* CBarButtonItem.m */ = {isa = PBXFileReference; lastKnownFileType = sourcecode.c.objc; path = CBarButtonItem.m; sourceTree = "<group>"; };
/* End PBXFileReference section */

/* Begin PBXFrameworksBuildPhase section */
		E9D90B68240E2F77006AAAF2 /* Frameworks */ = {
			isa = PBXFrameworksBuildPhase;
			buildActionMask = 2147483647;
			files = (
				B9D66CDEAB9781AC23892EE6 /* Pods_MyDocs.framework in Frameworks */,
			);
			runOnlyForDeploymentPostprocessing = 0;
		};
/* End PBXFrameworksBuildPhase section */

/* Begin PBXGroup section */
		CBE675A7ED38F58119B1CD6D /* Frameworks */ = {
			isa = PBXGroup;
			children = (
				8FB9A859D2D8B42C92E6CF25 /* Pods_MyDocs.framework */,
			);
			name = Frameworks;
			sourceTree = "<group>";
		};
		E96E4549242300F40092256B /* Views */ = {
			isa = PBXGroup;
			children = (
				E96E4544242300EC0092256B /* FileCell.h */,
				E96E4545242300EC0092256B /* FileCell.m */,
				E96E4546242300EC0092256B /* FileCell.xib */,
				E96E455F242348D80092256B /* FileCollectionCell.h */,
				E96E4560242348D80092256B /* FileCollectionCell.m */,
				E96E4561242348D80092256B /* FileCollectionCell.xib */,
			);
			name = Views;
			sourceTree = "<group>";
		};
		E9D90B62240E2F77006AAAF2 = {
			isa = PBXGroup;
			children = (
				E9D90B6D240E2F77006AAAF2 /* MyDocs */,
				E9D90B6C240E2F77006AAAF2 /* Products */,
				F94FFB2B3BBEA3644FC78E83 /* Pods */,
				CBE675A7ED38F58119B1CD6D /* Frameworks */,
			);
			sourceTree = "<group>";
		};
		E9D90B6C240E2F77006AAAF2 /* Products */ = {
			isa = PBXGroup;
			children = (
				E9D90B6B240E2F77006AAAF2 /* MyDocs.app */,
			);
			name = Products;
			sourceTree = "<group>";
		};
		E9D90B6D240E2F77006AAAF2 /* MyDocs */ = {
			isa = PBXGroup;
			children = (
				E9D90B77240E2F77006AAAF2 /* Main.storyboard */,
				E9D90B7A240E2F77006AAAF2 /* Assets.xcassets */,
				E9D90BBE240E37AD006AAAF2 /* BaseViewController.h */,
				E9D90BBF240E37AD006AAAF2 /* BaseViewController.m */,
				E9D90BBD240E37A0006AAAF2 /* CustomView */,
				E9D90BB3240E3625006AAAF2 /* DropBox */,
				E9D90BA7240E3625006AAAF2 /* Google */,
				E9D90BAD240E3625006AAAF2 /* Home */,
				E9D90BB0240E3625006AAAF2 /* iCloud */,
				E9D90BAA240E3625006AAAF2 /* OneDrive */,
				E9D90B9C240E3572006AAAF2 /* MainVC */,
				E9D90BB8240E3719006AAAF2 /* Setting */,
				E9D90B9D240E3583006AAAF2 /* Tutorial */,
				E9D90B99240E339C006AAAF2 /* Utils */,
				E9D90B80240E2F77006AAAF2 /* main.m */,
				E9D90B98240E3300006AAAF2 /* PrefixHeader.pch */,
				E9D90B7F240E2F77006AAAF2 /* Info.plist */,
				E9D90B8D240E2FD0006AAAF2 /* InfoPlist.strings */,
				E9D90B7C240E2F77006AAAF2 /* LaunchScreen.storyboard */,
				E9D90B93240E307E006AAAF2 /* Localizable.strings */,
				E96E4549242300F40092256B /* Views */,
				E96E4554242314750092256B /* Other.storyboard */,
				E96E4556242314980092256B /* FileListController.h */,
				E96E4557242314980092256B /* FileListController.m */,
			);
			path = MyDocs;
			sourceTree = "<group>";
		};
		E9D90B99240E339C006AAAF2 /* Utils */ = {
			isa = PBXGroup;
			children = (
				E9D90B9A240E33A4006AAAF2 /* NSBundle+Language.h */,
				E9D90B9B240E33A4006AAAF2 /* NSBundle+Language.m */,
				E9D90BB6240E3707006AAAF2 /* UIViewController+Utility.h */,
				E9D90BB7240E3707006AAAF2 /* UIViewController+Utility.m */,
				E9D90BD2240E49DF006AAAF2 /* UIImage+Utility.h */,
				E9D90BD3240E49DF006AAAF2 /* UIImage+Utility.m */,
				E9D90BD5240E4B02006AAAF2 /* Utility.h */,
				E9D90BD6240E4B02006AAAF2 /* Utility.m */,
				E9FCF46D240F362A00C0A385 /* UIView+Utility.h */,
				E9FCF46E240F362A00C0A385 /* UIView+Utility.m */,
				E96E455E242340AD0092256B /* Constants.h */,
			);
			path = Utils;
			sourceTree = "<group>";
		};
		E9D90B9C240E3572006AAAF2 /* MainVC */ = {
			isa = PBXGroup;
			children = (
				E9F5ECF3242365660093B878 /* AdViewViewController.h */,
				E9F5ECF4242365660093B878 /* AdViewViewController.m */,
				E9D90B6E240E2F77006AAAF2 /* AppDelegate.h */,
				E9D90B6F240E2F77006AAAF2 /* AppDelegate.m */,
				E9D90BA1240E35A2006AAAF2 /* LeftTableViewController.h */,
				E9D90B9F240E35A2006AAAF2 /* LeftTableViewController.m */,
				E9D90B74240E2F77006AAAF2 /* MainViewController.h */,
				E9D90B75240E2F77006AAAF2 /* MainViewController.m */,
				E9D90BA0240E35A2006AAAF2 /* RightTableViewController.h */,
				E9D90B9E240E35A2006AAAF2 /* RightTableViewController.m */,
				E9D90BA4240E35D1006AAAF2 /* RootNavigationController.h */,
				E9D90BA5240E35D1006AAAF2 /* RootNavigationController.m */,
				E96E4564242353B20092256B /* RootViewController.h */,
				E96E4565242353B20092256B /* RootViewController.m */,
				E9D90B71240E2F77006AAAF2 /* SceneDelegate.h */,
				E9D90B72240E2F77006AAAF2 /* SceneDelegate.m */,
				E9F5ECF0242365590093B878 /* ToolBarViewController.h */,
				E9F5ECF1242365590093B878 /* ToolBarViewController.m */,
				E96C10BB242370F400817620 /* CustomNavigationController.h */,
				E96C10BC242370F400817620 /* CustomNavigationController.m */,
			);
			path = MainVC;
			sourceTree = "<group>";
		};
		E9D90B9D240E3583006AAAF2 /* Tutorial */ = {
			isa = PBXGroup;
			children = (
				E9D90B95240E3101006AAAF2 /* TutorialViewController.h */,
				E9D90B96240E3101006AAAF2 /* TutorialViewController.m */,
			);
			path = Tutorial;
			sourceTree = "<group>";
		};
		E9D90BA7240E3625006AAAF2 /* Google */ = {
			isa = PBXGroup;
			children = (
				E9D90BA9240E3625006AAAF2 /* GoogleDriveViewController.h */,
				E9D90BA8240E3625006AAAF2 /* GoogleDriveViewController.m */,
				E96E4552242310C80092256B /* GoogleDrive.storyboard */,
			);
			path = Google;
			sourceTree = "<group>";
		};
		E9D90BAA240E3625006AAAF2 /* OneDrive */ = {
			isa = PBXGroup;
			children = (
				E9D90BAC240E3625006AAAF2 /* OneDriveViewController.h */,
				E9D90BAB240E3625006AAAF2 /* OneDriveViewController.m */,
				E96E454E242310900092256B /* OneDrive.storyboard */,
			);
			path = OneDrive;
			sourceTree = "<group>";
		};
		E9D90BAD240E3625006AAAF2 /* Home */ = {
			isa = PBXGroup;
			children = (
				E9D90BAF240E3625006AAAF2 /* HomeViewController.h */,
				E9D90BAE240E3625006AAAF2 /* HomeViewController.m */,
				E96E454A242310350092256B /* Home.storyboard */,
			);
			path = Home;
			sourceTree = "<group>";
		};
		E9D90BB0240E3625006AAAF2 /* iCloud */ = {
			isa = PBXGroup;
			children = (
				E9D90BB2240E3625006AAAF2 /* iCloudViewController.h */,
				E9D90BB1240E3625006AAAF2 /* iCloudViewController.m */,
				E96E454C2423106A0092256B /* iCloud.storyboard */,
			);
			path = iCloud;
			sourceTree = "<group>";
		};
		E9D90BB3240E3625006AAAF2 /* DropBox */ = {
			isa = PBXGroup;
			children = (
				E9D90BB4240E3625006AAAF2 /* DropBoxViewController.h */,
				E9D90BB5240E3625006AAAF2 /* DropBoxViewController.m */,
				E96E4550242310AD0092256B /* DropBox.storyboard */,
			);
			path = DropBox;
			sourceTree = "<group>";
		};
		E9D90BB8240E3719006AAAF2 /* Setting */ = {
			isa = PBXGroup;
			children = (
				E9D90BBC240E3719006AAAF2 /* LanguageInfo.h */,
				E9D90BBA240E3719006AAAF2 /* LanguageInfo.m */,
				E9D90BB9240E3719006AAAF2 /* LanguageViewController.h */,
				E9D90BBB240E3719006AAAF2 /* LanguageViewController.m */,
			);
			path = Setting;
			sourceTree = "<group>";
		};
		E9D90BBD240E37A0006AAAF2 /* CustomView */ = {
			isa = PBXGroup;
			children = (
				E9BD1FB32422068800AC2A51 /* VerticalButton.h */,
				E9BD1FB22422068800AC2A51 /* VerticalButton.m */,
				E9D90BC5240E388F006AAAF2 /* CTextField.h */,
				E9D90BC4240E388F006AAAF2 /* CTextField.m */,
				E9D90BD8240E56B6006AAAF2 /* HitTestView.h */,
				E9D90BD9240E56B6006AAAF2 /* HitTestView.m */,
				E9FCF468240F313800C0A385 /* SearchBar.h */,
				E9FCF469240F313800C0A385 /* SearchBar.m */,
				E9FCF46B240F314F00C0A385 /* SearchBar.xib */,
				E9FCF475240F3DFE00C0A385 /* CBarButtonItem.h */,
				E9FCF476240F3DFE00C0A385 /* CBarButtonItem.m */,
			);
			path = CustomView;
			sourceTree = "<group>";
		};
		F94FFB2B3BBEA3644FC78E83 /* Pods */ = {
			isa = PBXGroup;
			children = (
				1F06331DC39D7CE20940AC0F /* Pods-MyDocs.debug.xcconfig */,
				4F82F86D583B4EA1FA11AC8B /* Pods-MyDocs.release.xcconfig */,
			);
			path = Pods;
			sourceTree = "<group>";
		};
/* End PBXGroup section */

/* Begin PBXNativeTarget section */
		E9D90B6A240E2F77006AAAF2 /* MyDocs */ = {
			isa = PBXNativeTarget;
			buildConfigurationList = E9D90B84240E2F77006AAAF2 /* Build configuration list for PBXNativeTarget "MyDocs" */;
			buildPhases = (
				F599838B49DF5F7C9E91D92F /* [CP] Check Pods Manifest.lock */,
				E9D90B67240E2F77006AAAF2 /* Sources */,
				E9D90B68240E2F77006AAAF2 /* Frameworks */,
				E9D90B69240E2F77006AAAF2 /* Resources */,
				8FC17183267B749875387AD4 /* [CP] Embed Pods Frameworks */,
			);
			buildRules = (
			);
			dependencies = (
			);
			name = MyDocs;
			productName = MyDocs;
			productReference = E9D90B6B240E2F77006AAAF2 /* MyDocs.app */;
			productType = "com.apple.product-type.application";
		};
/* End PBXNativeTarget section */

/* Begin PBXProject section */
		E9D90B63240E2F77006AAAF2 /* Project object */ = {
			isa = PBXProject;
			attributes = {
				LastUpgradeCheck = 1130;
				ORGANIZATIONNAME = "김학철";
				TargetAttributes = {
					E9D90B6A240E2F77006AAAF2 = {
						CreatedOnToolsVersion = 11.3.1;
					};
				};
			};
			buildConfigurationList = E9D90B66240E2F77006AAAF2 /* Build configuration list for PBXProject "MyDocs" */;
			compatibilityVersion = "Xcode 9.3";
			developmentRegion = en;
			hasScannedForEncodings = 0;
			knownRegions = (
				en,
				Base,
				ko,
			);
			mainGroup = E9D90B62240E2F77006AAAF2;
			productRefGroup = E9D90B6C240E2F77006AAAF2 /* Products */;
			projectDirPath = "";
			projectRoot = "";
			targets = (
				E9D90B6A240E2F77006AAAF2 /* MyDocs */,
			);
		};
/* End PBXProject section */

/* Begin PBXResourcesBuildPhase section */
		E9D90B69240E2F77006AAAF2 /* Resources */ = {
			isa = PBXResourcesBuildPhase;
			buildActionMask = 2147483647;
			files = (
				E9D90B7E240E2F77006AAAF2 /* LaunchScreen.storyboard in Resources */,
				E9D90B8B240E2FD0006AAAF2 /* InfoPlist.strings in Resources */,
				E96E454B242310350092256B /* Home.storyboard in Resources */,
				E96E4563242348D80092256B /* FileCollectionCell.xib in Resources */,
				E96E4553242310C80092256B /* GoogleDrive.storyboard in Resources */,
				E9D90B91240E307E006AAAF2 /* Localizable.strings in Resources */,
				E9D90B7B240E2F77006AAAF2 /* Assets.xcassets in Resources */,
				E96E454D2423106A0092256B /* iCloud.storyboard in Resources */,
				E96E4551242310AD0092256B /* DropBox.storyboard in Resources */,
				E96E4548242300EC0092256B /* FileCell.xib in Resources */,
				E9D90B79240E2F77006AAAF2 /* Main.storyboard in Resources */,
				E96E4555242314750092256B /* Other.storyboard in Resources */,
				E9FCF46C240F314F00C0A385 /* SearchBar.xib in Resources */,
				E96E454F242310900092256B /* OneDrive.storyboard in Resources */,
			);
			runOnlyForDeploymentPostprocessing = 0;
		};
/* End PBXResourcesBuildPhase section */

/* Begin PBXShellScriptBuildPhase section */
		8FC17183267B749875387AD4 /* [CP] Embed Pods Frameworks */ = {
			isa = PBXShellScriptBuildPhase;
			buildActionMask = 2147483647;
			files = (
			);
			inputFileListPaths = (
				"${PODS_ROOT}/Target Support Files/Pods-MyDocs/Pods-MyDocs-frameworks-${CONFIGURATION}-input-files.xcfilelist",
			);
			name = "[CP] Embed Pods Frameworks";
			outputFileListPaths = (
				"${PODS_ROOT}/Target Support Files/Pods-MyDocs/Pods-MyDocs-frameworks-${CONFIGURATION}-output-files.xcfilelist",
			);
			runOnlyForDeploymentPostprocessing = 0;
			shellPath = /bin/sh;
			shellScript = "\"${PODS_ROOT}/Target Support Files/Pods-MyDocs/Pods-MyDocs-frameworks.sh\"\n";
			showEnvVarsInLog = 0;
		};
		F599838B49DF5F7C9E91D92F /* [CP] Check Pods Manifest.lock */ = {
			isa = PBXShellScriptBuildPhase;
			buildActionMask = 2147483647;
			files = (
			);
			inputFileListPaths = (
			);
			inputPaths = (
				"${PODS_PODFILE_DIR_PATH}/Podfile.lock",
				"${PODS_ROOT}/Manifest.lock",
			);
			name = "[CP] Check Pods Manifest.lock";
			outputFileListPaths = (
			);
			outputPaths = (
				"$(DERIVED_FILE_DIR)/Pods-MyDocs-checkManifestLockResult.txt",
			);
			runOnlyForDeploymentPostprocessing = 0;
			shellPath = /bin/sh;
			shellScript = "diff \"${PODS_PODFILE_DIR_PATH}/Podfile.lock\" \"${PODS_ROOT}/Manifest.lock\" > /dev/null\nif [ $? != 0 ] ; then\n    # print error to STDERR\n    echo \"error: The sandbox is not in sync with the Podfile.lock. Run 'pod install' or update your CocoaPods installation.\" >&2\n    exit 1\nfi\n# This output is used by Xcode 'outputs' to avoid re-running this script phase.\necho \"SUCCESS\" > \"${SCRIPT_OUTPUT_FILE_0}\"\n";
			showEnvVarsInLog = 0;
		};
/* End PBXShellScriptBuildPhase section */

/* Begin PBXSourcesBuildPhase section */
		E9D90B67240E2F77006AAAF2 /* Sources */ = {
			isa = PBXSourcesBuildPhase;
			buildActionMask = 2147483647;
			files = (
				E9D90B76240E2F77006AAAF2 /* MainViewController.m in Sources */,
				E9D90BD1240E3A6E006AAAF2 /* BaseViewController.m in Sources */,
				E96E4558242314980092256B /* FileListController.m in Sources */,
				E9FCF477240F3DFE00C0A385 /* CBarButtonItem.m in Sources */,
				E9D90BC9240E39A9006AAAF2 /* UIViewController+Utility.m in Sources */,
				E9D90BCF240E39E8006AAAF2 /* GoogleDriveViewController.m in Sources */,
				E9D90BD7240E4B02006AAAF2 /* Utility.m in Sources */,
				E9D90BC6240E388F006AAAF2 /* CTextField.m in Sources */,
				E96E4547242300EC0092256B /* FileCell.m in Sources */,
				E9D90BDA240E56B6006AAAF2 /* HitTestView.m in Sources */,
				E9D90B70240E2F77006AAAF2 /* AppDelegate.m in Sources */,
				E9D90B81240E2F77006AAAF2 /* main.m in Sources */,
				E9D90B73240E2F77006AAAF2 /* SceneDelegate.m in Sources */,
				E9FCF46A240F313800C0A385 /* SearchBar.m in Sources */,
				E9BD1FB42422068800AC2A51 /* VerticalButton.m in Sources */,
				E9D90BCE240E39DF006AAAF2 /* DropBoxViewController.m in Sources */,
				E9D90BCD240E39CE006AAAF2 /* LanguageViewController.m in Sources */,
				E96E4566242353B20092256B /* RootViewController.m in Sources */,
				E9D90BCB240E39BC006AAAF2 /* OneDriveViewController.m in Sources */,
				E9D90BD0240E3A4B006AAAF2 /* iCloudViewController.m in Sources */,
				E9D90BD4240E49DF006AAAF2 /* UIImage+Utility.m in Sources */,
				E9D90BA3240E35A2006AAAF2 /* RightTableViewController.m in Sources */,
				E9F5ECF2242365590093B878 /* ToolBarViewController.m in Sources */,
				E9D90BA6240E35D1006AAAF2 /* RootNavigationController.m in Sources */,
				E9D90BA2240E35A2006AAAF2 /* LeftTableViewController.m in Sources */,
				E9FCF46F240F362A00C0A385 /* UIView+Utility.m in Sources */,
				E9D90B97240E3101006AAAF2 /* TutorialViewController.m in Sources */,
				E96C10BD242370F400817620 /* CustomNavigationController.m in Sources */,
				E9D90BCC240E39CB006AAAF2 /* LanguageInfo.m in Sources */,
				E96E4562242348D80092256B /* FileCollectionCell.m in Sources */,
				E9D90BC8240E399B006AAAF2 /* NSBundle+Language.m in Sources */,
				E9D90BCA240E39B4006AAAF2 /* HomeViewController.m in Sources */,
				E9F5ECF5242365660093B878 /* AdViewViewController.m in Sources */,
			);
			runOnlyForDeploymentPostprocessing = 0;
		};
/* End PBXSourcesBuildPhase section */

/* Begin PBXVariantGroup section */
		E9D90B77240E2F77006AAAF2 /* Main.storyboard */ = {
			isa = PBXVariantGroup;
			children = (
				E9D90B78240E2F77006AAAF2 /* Base */,
				E9D90B87240E2FB2006AAAF2 /* ko */,
			);
			name = Main.storyboard;
			sourceTree = "<group>";
		};
		E9D90B7C240E2F77006AAAF2 /* LaunchScreen.storyboard */ = {
			isa = PBXVariantGroup;
			children = (
				E9D90B7D240E2F77006AAAF2 /* Base */,
				E9D90B88240E2FB2006AAAF2 /* ko */,
			);
			name = LaunchScreen.storyboard;
			sourceTree = "<group>";
		};
		E9D90B8D240E2FD0006AAAF2 /* InfoPlist.strings */ = {
			isa = PBXVariantGroup;
			children = (
				E9D90B8C240E2FD0006AAAF2 /* en */,
				E9D90B8E240E2FD3006AAAF2 /* ko */,
			);
			name = InfoPlist.strings;
			sourceTree = "<group>";
		};
		E9D90B93240E307E006AAAF2 /* Localizable.strings */ = {
			isa = PBXVariantGroup;
			children = (
				E9D90B92240E307E006AAAF2 /* en */,
				E9D90B94240E307F006AAAF2 /* ko */,
			);
			name = Localizable.strings;
			sourceTree = "<group>";
		};
/* End PBXVariantGroup section */

/* Begin XCBuildConfiguration section */
		E9D90B82240E2F77006AAAF2 /* Debug */ = {
			isa = XCBuildConfiguration;
			buildSettings = {
				ALWAYS_SEARCH_USER_PATHS = NO;
				CLANG_ANALYZER_LOCALIZABILITY_NONLOCALIZED = YES;
				CLANG_ANALYZER_NONNULL = YES;
				CLANG_ANALYZER_NUMBER_OBJECT_CONVERSION = YES_AGGRESSIVE;
				CLANG_CXX_LANGUAGE_STANDARD = "gnu++14";
				CLANG_CXX_LIBRARY = "libc++";
				CLANG_ENABLE_MODULES = YES;
				CLANG_ENABLE_OBJC_ARC = YES;
				CLANG_ENABLE_OBJC_WEAK = YES;
				CLANG_WARN_BLOCK_CAPTURE_AUTORELEASING = YES;
				CLANG_WARN_BOOL_CONVERSION = YES;
				CLANG_WARN_COMMA = YES;
				CLANG_WARN_CONSTANT_CONVERSION = YES;
				CLANG_WARN_DEPRECATED_OBJC_IMPLEMENTATIONS = YES;
				CLANG_WARN_DIRECT_OBJC_ISA_USAGE = YES_ERROR;
				CLANG_WARN_DOCUMENTATION_COMMENTS = YES;
				CLANG_WARN_EMPTY_BODY = YES;
				CLANG_WARN_ENUM_CONVERSION = YES;
				CLANG_WARN_INFINITE_RECURSION = YES;
				CLANG_WARN_INT_CONVERSION = YES;
				CLANG_WARN_NON_LITERAL_NULL_CONVERSION = YES;
				CLANG_WARN_OBJC_IMPLICIT_RETAIN_SELF = YES;
				CLANG_WARN_OBJC_LITERAL_CONVERSION = YES;
				CLANG_WARN_OBJC_ROOT_CLASS = YES_ERROR;
				CLANG_WARN_RANGE_LOOP_ANALYSIS = YES;
				CLANG_WARN_STRICT_PROTOTYPES = YES;
				CLANG_WARN_SUSPICIOUS_MOVE = YES;
				CLANG_WARN_UNGUARDED_AVAILABILITY = YES_AGGRESSIVE;
				CLANG_WARN_UNREACHABLE_CODE = YES;
				CLANG_WARN__DUPLICATE_METHOD_MATCH = YES;
				COPY_PHASE_STRIP = NO;
				DEBUG_INFORMATION_FORMAT = dwarf;
				ENABLE_STRICT_OBJC_MSGSEND = YES;
				ENABLE_TESTABILITY = YES;
				GCC_C_LANGUAGE_STANDARD = gnu11;
				GCC_DYNAMIC_NO_PIC = NO;
				GCC_NO_COMMON_BLOCKS = YES;
				GCC_OPTIMIZATION_LEVEL = 0;
				GCC_PREPROCESSOR_DEFINITIONS = (
					"DEBUG=1",
					"$(inherited)",
				);
				GCC_WARN_64_TO_32_BIT_CONVERSION = YES;
				GCC_WARN_ABOUT_RETURN_TYPE = YES_ERROR;
				GCC_WARN_UNDECLARED_SELECTOR = YES;
				GCC_WARN_UNINITIALIZED_AUTOS = YES_AGGRESSIVE;
				GCC_WARN_UNUSED_FUNCTION = YES;
				GCC_WARN_UNUSED_VARIABLE = YES;
				IPHONEOS_DEPLOYMENT_TARGET = 11.0;
				MTL_ENABLE_DEBUG_INFO = INCLUDE_SOURCE;
				MTL_FAST_MATH = YES;
				ONLY_ACTIVE_ARCH = YES;
				SDKROOT = iphoneos;
			};
			name = Debug;
		};
		E9D90B83240E2F77006AAAF2 /* Release */ = {
			isa = XCBuildConfiguration;
			buildSettings = {
				ALWAYS_SEARCH_USER_PATHS = NO;
				CLANG_ANALYZER_LOCALIZABILITY_NONLOCALIZED = YES;
				CLANG_ANALYZER_NONNULL = YES;
				CLANG_ANALYZER_NUMBER_OBJECT_CONVERSION = YES_AGGRESSIVE;
				CLANG_CXX_LANGUAGE_STANDARD = "gnu++14";
				CLANG_CXX_LIBRARY = "libc++";
				CLANG_ENABLE_MODULES = YES;
				CLANG_ENABLE_OBJC_ARC = YES;
				CLANG_ENABLE_OBJC_WEAK = YES;
				CLANG_WARN_BLOCK_CAPTURE_AUTORELEASING = YES;
				CLANG_WARN_BOOL_CONVERSION = YES;
				CLANG_WARN_COMMA = YES;
				CLANG_WARN_CONSTANT_CONVERSION = YES;
				CLANG_WARN_DEPRECATED_OBJC_IMPLEMENTATIONS = YES;
				CLANG_WARN_DIRECT_OBJC_ISA_USAGE = YES_ERROR;
				CLANG_WARN_DOCUMENTATION_COMMENTS = YES;
				CLANG_WARN_EMPTY_BODY = YES;
				CLANG_WARN_ENUM_CONVERSION = YES;
				CLANG_WARN_INFINITE_RECURSION = YES;
				CLANG_WARN_INT_CONVERSION = YES;
				CLANG_WARN_NON_LITERAL_NULL_CONVERSION = YES;
				CLANG_WARN_OBJC_IMPLICIT_RETAIN_SELF = YES;
				CLANG_WARN_OBJC_LITERAL_CONVERSION = YES;
				CLANG_WARN_OBJC_ROOT_CLASS = YES_ERROR;
				CLANG_WARN_RANGE_LOOP_ANALYSIS = YES;
				CLANG_WARN_STRICT_PROTOTYPES = YES;
				CLANG_WARN_SUSPICIOUS_MOVE = YES;
				CLANG_WARN_UNGUARDED_AVAILABILITY = YES_AGGRESSIVE;
				CLANG_WARN_UNREACHABLE_CODE = YES;
				CLANG_WARN__DUPLICATE_METHOD_MATCH = YES;
				COPY_PHASE_STRIP = NO;
				DEBUG_INFORMATION_FORMAT = "dwarf-with-dsym";
				ENABLE_NS_ASSERTIONS = NO;
				ENABLE_STRICT_OBJC_MSGSEND = YES;
				GCC_C_LANGUAGE_STANDARD = gnu11;
				GCC_NO_COMMON_BLOCKS = YES;
				GCC_WARN_64_TO_32_BIT_CONVERSION = YES;
				GCC_WARN_ABOUT_RETURN_TYPE = YES_ERROR;
				GCC_WARN_UNDECLARED_SELECTOR = YES;
				GCC_WARN_UNINITIALIZED_AUTOS = YES_AGGRESSIVE;
				GCC_WARN_UNUSED_FUNCTION = YES;
				GCC_WARN_UNUSED_VARIABLE = YES;
				IPHONEOS_DEPLOYMENT_TARGET = 11.0;
				MTL_ENABLE_DEBUG_INFO = NO;
				MTL_FAST_MATH = YES;
				SDKROOT = iphoneos;
				VALIDATE_PRODUCT = YES;
			};
			name = Release;
		};
		E9D90B85240E2F77006AAAF2 /* Debug */ = {
			isa = XCBuildConfiguration;
			baseConfigurationReference = 1F06331DC39D7CE20940AC0F /* Pods-MyDocs.debug.xcconfig */;
			buildSettings = {
				ASSETCATALOG_COMPILER_APPICON_NAME = AppIcon;
				CODE_SIGN_STYLE = Automatic;
				DEVELOPMENT_TEAM = 6QB33R9MCL;
				GCC_PRECOMPILE_PREFIX_HEADER = YES;
				GCC_PREFIX_HEADER = "$(PROJECT)/PrefixHeader.pch";
				INFOPLIST_FILE = MyDocs/Info.plist;
				LD_RUNPATH_SEARCH_PATHS = (
					"$(inherited)",
					"@executable_path/Frameworks",
				);
				PRODUCT_BUNDLE_IDENTIFIER = com.sangchange.co.kr.MyDocs;
				PRODUCT_NAME = MyDocs;
				TARGETED_DEVICE_FAMILY = "1,2";
			};
			name = Debug;
		};
		E9D90B86240E2F77006AAAF2 /* Release */ = {
			isa = XCBuildConfiguration;
			baseConfigurationReference = 4F82F86D583B4EA1FA11AC8B /* Pods-MyDocs.release.xcconfig */;
			buildSettings = {
				ASSETCATALOG_COMPILER_APPICON_NAME = AppIcon;
				CODE_SIGN_STYLE = Automatic;
				DEVELOPMENT_TEAM = 6QB33R9MCL;
				GCC_PRECOMPILE_PREFIX_HEADER = YES;
				GCC_PREFIX_HEADER = "$(PROJECT)/PrefixHeader.pch";
				INFOPLIST_FILE = MyDocs/Info.plist;
				LD_RUNPATH_SEARCH_PATHS = (
					"$(inherited)",
					"@executable_path/Frameworks",
				);
				PRODUCT_BUNDLE_IDENTIFIER = com.sangchange.co.kr.MyDocs;
				PRODUCT_NAME = MyDocs;
				TARGETED_DEVICE_FAMILY = "1,2";
			};
			name = Release;
		};
/* End XCBuildConfiguration section */

/* Begin XCConfigurationList section */
		E9D90B66240E2F77006AAAF2 /* Build configuration list for PBXProject "MyDocs" */ = {
			isa = XCConfigurationList;
			buildConfigurations = (
				E9D90B82240E2F77006AAAF2 /* Debug */,
				E9D90B83240E2F77006AAAF2 /* Release */,
			);
			defaultConfigurationIsVisible = 0;
			defaultConfigurationName = Release;
		};
		E9D90B84240E2F77006AAAF2 /* Build configuration list for PBXNativeTarget "MyDocs" */ = {
			isa = XCConfigurationList;
			buildConfigurations = (
				E9D90B85240E2F77006AAAF2 /* Debug */,
				E9D90B86240E2F77006AAAF2 /* Release */,
			);
			defaultConfigurationIsVisible = 0;
			defaultConfigurationName = Release;
		};
/* End XCConfigurationList section */
	};
	rootObject = E9D90B63240E2F77006AAAF2 /* Project object */;
}
